
Microsoft Visual Studio Solution File, Format Version 12.00
# Visual Studio 14
VisualStudioVersion = 14.0.25420.1
MinimumVisualStudioVersion = 10.0.40219.1
Project("{FAE04EC0-301F-11D3-BF4B-00C04F79EFBC}") = "主索引数据字典导入工具", "主索引数据字典导入工具\主索引数据字典导入工具.csproj", "{B7E3422F-FAD5-4886-A833-219C2B9FF882}"
EndProject
Global
	GlobalSection(SolutionConfigurationPlatforms) = preSolution
		Debug|Any CPU = Debug|Any CPU
		Release|Any CPU = Release|Any CPU
	EndGlobalSection
	GlobalSection(ProjectConfigurationPlatforms) = postSolution
		{B7E3422F-FAD5-4886-A833-219C2B9FF882}.Debug|Any CPU.ActiveCfg = Debug|Any CPU
		{B7E3422F-FAD5-4886-A833-219C2B9FF882}.Debug|Any CPU.Build.0 = Debug|Any CPU
		{B7E3422F-FAD5-4886-A833-219C2B9FF882}.Release|Any CPU.ActiveCfg = Release|Any CPU
		{B7E3422F-FAD5-4886-A833-219C2B9FF882}.Release|Any CPU.Build.0 = Release|Any CPU
	EndGlobalSection
	GlobalSection(SolutionProperties) = preSolution
		HideSolutionNode = FALSE
	EndGlobalSection
EndGlobal
